
Microsoft Visual Studio Solution File, Format Version 12.00
# Visual Studio Version 17
VisualStudioVersion = 17.2.32630.192
MinimumVisualStudioVersion = 10.0.40219.1
Project("{FAE04EC0-301F-11D3-BF4B-00C04F79EFBC}") = "FirstProject", "FirstProject.csproj", "{B88BF539-4C00-48B5-9295-4C8466FB15AB}"
EndProject
Global
	GlobalSection(SolutionConfigurationPlatforms) = preSolution
		Debug|Any CPU = Debug|Any CPU
		Release|Any CPU = Release|Any CPU
	EndGlobalSection
	GlobalSection(ProjectConfigurationPlatforms) = postSolution
		{B88BF539-4C00-48B5-9295-4C8466FB15AB}.Debug|Any CPU.ActiveCfg = Debug|Any CPU
		{B88BF539-4C00-48B5-9295-4C8466FB15AB}.Debug|Any CPU.Build.0 = Debug|Any CPU
		{B88BF539-4C00-48B5-9295-4C8466FB15AB}.Release|Any CPU.ActiveCfg = Release|Any CPU
		{B88BF539-4C00-48B5-9295-4C8466FB15AB}.Release|Any CPU.Build.0 = Release|Any CPU
	EndGlobalSection
	GlobalSection(SolutionProperties) = preSolution
		HideSolutionNode = FALSE
	EndGlobalSection
	GlobalSection(ExtensibilityGlobals) = postSolution
		SolutionGuid = {040E645D-1698-4F4D-BC97-E5859FAFEB47}
	EndGlobalSection
EndGlobal
